
Microsoft Visual Studio Solution File, Format Version 12.00
# Visual Studio 15
VisualStudioVersion = 15.0.26228.9
MinimumVisualStudioVersion = 10.0.40219.1
Project("{9A19103F-16F7-4668-BE54-9A1E7A4F7556}") = "SqlRepo", "SqlRepo\SqlRepo.csproj", "{9773F144-2310-4B6F-9702-CF67BDBB165E}"
EndProject
Project("{9A19103F-16F7-4668-BE54-9A1E7A4F7556}") = "SqlRepo.SqlServer", "SqlRepo.SqlServer\SqlRepo.SqlServer.csproj", "{26D0A1C0-0CD6-4074-B4B6-053E669A7B49}"
EndProject
Project("{9A19103F-16F7-4668-BE54-9A1E7A4F7556}") = "SqlRepo.SqlServer.Autofac", "SqlRepo.SqlServer.Autofac\SqlRepo.SqlServer.Autofac.csproj", "{E356200B-8442-4A1A-87CC-C59306D4B37F}"
EndProject
Project("{9A19103F-16F7-4668-BE54-9A1E7A4F7556}") = "SqlRepo.Testing", "SqlRepo.Testing\SqlRepo.Testing.csproj", "{085D05D7-1D3F-4F20-B51D-05271FBB96F7}"
EndProject
Project("{9A19103F-16F7-4668-BE54-9A1E7A4F7556}") = "SqlRepo.Tests", "SqlRepo.Tests\SqlRepo.Tests.csproj", "{BB4C1BC8-CEB5-4722-BDE7-B730FB048C71}"
EndProject
Project("{9A19103F-16F7-4668-BE54-9A1E7A4F7556}") = "SqlRepo.SqlServer.Tests", "SqlRepo.SqlServer.Tests\SqlRepo.SqlServer.Tests.csproj", "{201582B4-5F26-4BBC-B202-F121E38CB4C8}"
EndProject
Global
	GlobalSection(SolutionConfigurationPlatforms) = preSolution
		Debug|Any CPU = Debug|Any CPU
		Release|Any CPU = Release|Any CPU
	EndGlobalSection
	GlobalSection(ProjectConfigurationPlatforms) = postSolution
		{9773F144-2310-4B6F-9702-CF67BDBB165E}.Debug|Any CPU.ActiveCfg = Debug|Any CPU
		{9773F144-2310-4B6F-9702-CF67BDBB165E}.Debug|Any CPU.Build.0 = Debug|Any CPU
		{9773F144-2310-4B6F-9702-CF67BDBB165E}.Release|Any CPU.ActiveCfg = Release|Any CPU
		{9773F144-2310-4B6F-9702-CF67BDBB165E}.Release|Any CPU.Build.0 = Release|Any CPU
		{26D0A1C0-0CD6-4074-B4B6-053E669A7B49}.Debug|Any CPU.ActiveCfg = Debug|Any CPU
		{26D0A1C0-0CD6-4074-B4B6-053E669A7B49}.Debug|Any CPU.Build.0 = Debug|Any CPU
		{26D0A1C0-0CD6-4074-B4B6-053E669A7B49}.Release|Any CPU.ActiveCfg = Release|Any CPU
		{26D0A1C0-0CD6-4074-B4B6-053E669A7B49}.Release|Any CPU.Build.0 = Release|Any CPU
		{E356200B-8442-4A1A-87CC-C59306D4B37F}.Debug|Any CPU.ActiveCfg = Debug|Any CPU
		{E356200B-8442-4A1A-87CC-C59306D4B37F}.Debug|Any CPU.Build.0 = Debug|Any CPU
		{E356200B-8442-4A1A-87CC-C59306D4B37F}.Release|Any CPU.ActiveCfg = Release|Any CPU
		{E356200B-8442-4A1A-87CC-C59306D4B37F}.Release|Any CPU.Build.0 = Release|Any CPU
		{085D05D7-1D3F-4F20-B51D-05271FBB96F7}.Debug|Any CPU.ActiveCfg = Debug|Any CPU
		{085D05D7-1D3F-4F20-B51D-05271FBB96F7}.Debug|Any CPU.Build.0 = Debug|Any CPU
		{085D05D7-1D3F-4F20-B51D-05271FBB96F7}.Release|Any CPU.ActiveCfg = Release|Any CPU
		{085D05D7-1D3F-4F20-B51D-05271FBB96F7}.Release|Any CPU.Build.0 = Release|Any CPU
		{BB4C1BC8-CEB5-4722-BDE7-B730FB048C71}.Debug|Any CPU.ActiveCfg = Debug|Any CPU
		{BB4C1BC8-CEB5-4722-BDE7-B730FB048C71}.Debug|Any CPU.Build.0 = Debug|Any CPU
		{BB4C1BC8-CEB5-4722-BDE7-B730FB048C71}.Release|Any CPU.ActiveCfg = Release|Any CPU
		{BB4C1BC8-CEB5-4722-BDE7-B730FB048C71}.Release|Any CPU.Build.0 = Release|Any CPU
		{201582B4-5F26-4BBC-B202-F121E38CB4C8}.Debug|Any CPU.ActiveCfg = Debug|Any CPU
		{201582B4-5F26-4BBC-B202-F121E38CB4C8}.Debug|Any CPU.Build.0 = Debug|Any CPU
		{201582B4-5F26-4BBC-B202-F121E38CB4C8}.Release|Any CPU.ActiveCfg = Release|Any CPU
		{201582B4-5F26-4BBC-B202-F121E38CB4C8}.Release|Any CPU.Build.0 = Release|Any CPU
	EndGlobalSection
	GlobalSection(SolutionProperties) = preSolution
		HideSolutionNode = FALSE
	EndGlobalSection
EndGlobal
